// !$*UTF8*$!
{
	archiveVersion = 1;
	classes = {
	};
	objectVersion = 51;
	objects = {

/* Begin PBXBuildFile section */
		4D434B3C42990FBC13179C04 /* Pods_ChiGiphyTests.framework in Frameworks */ = {isa = PBXBuildFile; fileRef = F5FBC1F253BB98649806CAAE /* Pods_ChiGiphyTests.framework */; };
		D437338025C3A7BE0077D719 /* Scrabble.swift in Sources */ = {isa = PBXBuildFile; fileRef = D437337F25C3A7BE0077D719 /* Scrabble.swift */; };
		D43BA73F25F19713006CDF68 /* ReachabilityManager.swift in Sources */ = {isa = PBXBuildFile; fileRef = D43BA73E25F19713006CDF68 /* ReachabilityManager.swift */; };
		D43FCD0D25F0F4760087815E /* GenericQueryableFeed.swift in Sources */ = {isa = PBXBuildFile; fileRef = D43FCD0C25F0F4760087815E /* GenericQueryableFeed.swift */; };
		D443203F25ABC7CB000DA72F /* MainCoordinator.swift in Sources */ = {isa = PBXBuildFile; fileRef = D443203E25ABC7CB000DA72F /* MainCoordinator.swift */; };
		D443204525ABCED5000DA72F /* GiphyItem.swift in Sources */ = {isa = PBXBuildFile; fileRef = D443204425ABCED5000DA72F /* GiphyItem.swift */; };
		D446C46A25A8855400098E58 /* AppDelegate.swift in Sources */ = {isa = PBXBuildFile; fileRef = D446C46925A8855400098E58 /* AppDelegate.swift */; };
		D446C46C25A8855400098E58 /* SceneDelegate.swift in Sources */ = {isa = PBXBuildFile; fileRef = D446C46B25A8855400098E58 /* SceneDelegate.swift */; };
		D446C47325A8855500098E58 /* Assets.xcassets in Resources */ = {isa = PBXBuildFile; fileRef = D446C47225A8855500098E58 /* Assets.xcassets */; };
		D446C47625A8855500098E58 /* LaunchScreen.storyboard in Resources */ = {isa = PBXBuildFile; fileRef = D446C47425A8855500098E58 /* LaunchScreen.storyboard */; };
		D452B66025B849B60025B2A6 /* UIColor+Extensions.swift in Sources */ = {isa = PBXBuildFile; fileRef = D452B65F25B849B60025B2A6 /* UIColor+Extensions.swift */; };
		D460300A25ABD7780014A8B7 /* GiphyCollectionViewCell.swift in Sources */ = {isa = PBXBuildFile; fileRef = D460300925ABD7780014A8B7 /* GiphyCollectionViewCell.swift */; };
		D47A7E6725F0E03600B4A796 /* InfoView.xib in Resources */ = {isa = PBXBuildFile; fileRef = D47A7E6525F0E03600B4A796 /* InfoView.xib */; };
		D47A7E6825F0E03600B4A796 /* InfoView.swift in Sources */ = {isa = PBXBuildFile; fileRef = D47A7E6625F0E03600B4A796 /* InfoView.swift */; };
		D47FB9B725C4322B00783AE0 /* GiphySearchVM.swift in Sources */ = {isa = PBXBuildFile; fileRef = D47FB9B625C4322B00783AE0 /* GiphySearchVM.swift */; };
		D47FB9BB25C4327D00783AE0 /* GiphySearchVC.swift in Sources */ = {isa = PBXBuildFile; fileRef = D47FB9BA25C4327D00783AE0 /* GiphySearchVC.swift */; };
		D4A8B6C625AC98B8007B5F49 /* GiphyService.swift in Sources */ = {isa = PBXBuildFile; fileRef = D4A8B6C525AC98B8007B5F49 /* GiphyService.swift */; };
		D4A8B6C925AC9E32007B5F49 /* URLSession+Rx.swift in Sources */ = {isa = PBXBuildFile; fileRef = D4A8B6C825AC9E32007B5F49 /* URLSession+Rx.swift */; };
		D4B0AED925BF59090030B6AB /* Waterfall.swift in Sources */ = {isa = PBXBuildFile; fileRef = D4B0AED825BF59090030B6AB /* Waterfall.swift */; };
		D4CB9C1925ED374200D67B6A /* VMWrappers.swift in Sources */ = {isa = PBXBuildFile; fileRef = D4CB9C1825ED374200D67B6A /* VMWrappers.swift */; };
		D4D4671525ACF16A00BCFE44 /* ReusableViewProtocol.swift in Sources */ = {isa = PBXBuildFile; fileRef = D4D4670625ACF16900BCFE44 /* ReusableViewProtocol.swift */; };
		D4D4671725ACF16A00BCFE44 /* Cache.swift in Sources */ = {isa = PBXBuildFile; fileRef = D4D4670A25ACF16900BCFE44 /* Cache.swift */; };
		D4D4671E25ACF16A00BCFE44 /* CoordinatorProtocol.swift in Sources */ = {isa = PBXBuildFile; fileRef = D4D4671325ACF16900BCFE44 /* CoordinatorProtocol.swift */; };
		D4DAD76925C3097300D22164 /* ChiGiphyTests.swift in Sources */ = {isa = PBXBuildFile; fileRef = D4DAD76825C3097300D22164 /* ChiGiphyTests.swift */; };
		D4DBF28925EFB8C500269DEB /* GiphyQueryableFeed.swift in Sources */ = {isa = PBXBuildFile; fileRef = D4DBF28825EFB8C500269DEB /* GiphyQueryableFeed.swift */; };
		D4E055C125ECFC190077550F /* Decodable+Extensions.swift in Sources */ = {isa = PBXBuildFile; fileRef = D4E055C025ECFC190077550F /* Decodable+Extensions.swift */; };
		D4E055C725ECFD4F0077550F /* GiphySearchResponse.swift in Sources */ = {isa = PBXBuildFile; fileRef = D4E055C625ECFD4F0077550F /* GiphySearchResponse.swift */; };
		D4F215D825CEC29A00D555A6 /* GiphyCellVM.swift in Sources */ = {isa = PBXBuildFile; fileRef = D4F215D725CEC29A00D555A6 /* GiphyCellVM.swift */; };
		D4F7546825CEC81A008E3CA7 /* SearchingGiphyCellVM.swift in Sources */ = {isa = PBXBuildFile; fileRef = D4F7546725CEC81A008E3CA7 /* SearchingGiphyCellVM.swift */; };
		D4F7546C25CEC8CE008E3CA7 /* SearchingGiphyCollectionViewCell.swift in Sources */ = {isa = PBXBuildFile; fileRef = D4F7546B25CEC8CE008E3CA7 /* SearchingGiphyCollectionViewCell.swift */; };
		D4F7547025CECA2A008E3CA7 /* InitialGiphyCellVM.swift in Sources */ = {isa = PBXBuildFile; fileRef = D4F7546F25CECA2A008E3CA7 /* InitialGiphyCellVM.swift */; };
		D4F7547425CECAC0008E3CA7 /* NotFoundGiphyCellVM.swift in Sources */ = {isa = PBXBuildFile; fileRef = D4F7547325CECAC0008E3CA7 /* NotFoundGiphyCellVM.swift */; };
		D4F7547825CECB64008E3CA7 /* LoadingMoreCellVM.swift in Sources */ = {isa = PBXBuildFile; fileRef = D4F7547725CECB64008E3CA7 /* LoadingMoreCellVM.swift */; };
		D4F7547C25CECBEA008E3CA7 /* InitialGiphyCollectionViewCell.swift in Sources */ = {isa = PBXBuildFile; fileRef = D4F7547B25CECBEA008E3CA7 /* InitialGiphyCollectionViewCell.swift */; };
		D4F7548025CECC64008E3CA7 /* NotFoundGiphyCollectionViewCell.swift in Sources */ = {isa = PBXBuildFile; fileRef = D4F7547F25CECC64008E3CA7 /* NotFoundGiphyCollectionViewCell.swift */; };
		D4F7548425CECCC7008E3CA7 /* LoadingMoreGiphyCollectionViewCell.swift in Sources */ = {isa = PBXBuildFile; fileRef = D4F7548325CECCC7008E3CA7 /* LoadingMoreGiphyCollectionViewCell.swift */; };
		F40C7936E1B7CFF2B32CD5F2 /* Pods_ChiGiphy.framework in Frameworks */ = {isa = PBXBuildFile; fileRef = F2F934CFFEAA25327D1E12F9 /* Pods_ChiGiphy.framework */; };
/* End PBXBuildFile section */

/* Begin PBXContainerItemProxy section */
		D4DAD76B25C3097300D22164 /* PBXContainerItemProxy */ = {
			isa = PBXContainerItemProxy;
			containerPortal = D446C45E25A8855400098E58 /* Project object */;
			proxyType = 1;
			remoteGlobalIDString = D446C46525A8855400098E58;
			remoteInfo = ChiGiphy;
		};
/* End PBXContainerItemProxy section */

/* Begin PBXFileReference section */
		037A0AC14B2BD7DCAEA0D82F /* Pods-ChiGiphyTests.debug.xcconfig */ = {isa = PBXFileReference; includeInIndex = 1; lastKnownFileType = text.xcconfig; name = "Pods-ChiGiphyTests.debug.xcconfig"; path = "Target Support Files/Pods-ChiGiphyTests/Pods-ChiGiphyTests.debug.xcconfig"; sourceTree = "<group>"; };
		202BC3481F832B879AE6A244 /* Pods-ChiGiphy.debug.xcconfig */ = {isa = PBXFileReference; includeInIndex = 1; lastKnownFileType = text.xcconfig; name = "Pods-ChiGiphy.debug.xcconfig"; path = "Target Support Files/Pods-ChiGiphy/Pods-ChiGiphy.debug.xcconfig"; sourceTree = "<group>"; };
		7B4AC46FB4D1E5D3A2B3362E /* Pods-ChiGiphyTests.release.xcconfig */ = {isa = PBXFileReference; includeInIndex = 1; lastKnownFileType = text.xcconfig; name = "Pods-ChiGiphyTests.release.xcconfig"; path = "Target Support Files/Pods-ChiGiphyTests/Pods-ChiGiphyTests.release.xcconfig"; sourceTree = "<group>"; };
		816611EA7061D34F1A3ACEC5 /* Pods-ChiGiphy.release.xcconfig */ = {isa = PBXFileReference; includeInIndex = 1; lastKnownFileType = text.xcconfig; name = "Pods-ChiGiphy.release.xcconfig"; path = "Target Support Files/Pods-ChiGiphy/Pods-ChiGiphy.release.xcconfig"; sourceTree = "<group>"; };
		D437337F25C3A7BE0077D719 /* Scrabble.swift */ = {isa = PBXFileReference; lastKnownFileType = sourcecode.swift; path = Scrabble.swift; sourceTree = "<group>"; };
		D43BA73E25F19713006CDF68 /* ReachabilityManager.swift */ = {isa = PBXFileReference; lastKnownFileType = sourcecode.swift; path = ReachabilityManager.swift; sourceTree = "<group>"; };
		D43FCD0C25F0F4760087815E /* GenericQueryableFeed.swift */ = {isa = PBXFileReference; lastKnownFileType = sourcecode.swift; path = GenericQueryableFeed.swift; sourceTree = "<group>"; };
		D443203E25ABC7CB000DA72F /* MainCoordinator.swift */ = {isa = PBXFileReference; lastKnownFileType = sourcecode.swift; path = MainCoordinator.swift; sourceTree = "<group>"; };
		D443204425ABCED5000DA72F /* GiphyItem.swift */ = {isa = PBXFileReference; lastKnownFileType = sourcecode.swift; path = GiphyItem.swift; sourceTree = "<group>"; };
		D446C46625A8855400098E58 /* ChiGiphy.app */ = {isa = PBXFileReference; explicitFileType = wrapper.application; includeInIndex = 0; path = ChiGiphy.app; sourceTree = BUILT_PRODUCTS_DIR; };
		D446C46925A8855400098E58 /* AppDelegate.swift */ = {isa = PBXFileReference; lastKnownFileType = sourcecode.swift; path = AppDelegate.swift; sourceTree = "<group>"; };
		D446C46B25A8855400098E58 /* SceneDelegate.swift */ = {isa = PBXFileReference; lastKnownFileType = sourcecode.swift; path = SceneDelegate.swift; sourceTree = "<group>"; };
		D446C47225A8855500098E58 /* Assets.xcassets */ = {isa = PBXFileReference; lastKnownFileType = folder.assetcatalog; path = Assets.xcassets; sourceTree = "<group>"; };
		D446C47525A8855500098E58 /* Base */ = {isa = PBXFileReference; lastKnownFileType = file.storyboard; name = Base; path = Base.lproj/LaunchScreen.storyboard; sourceTree = "<group>"; };
		D446C47725A8855500098E58 /* Info.plist */ = {isa = PBXFileReference; lastKnownFileType = text.plist.xml; path = Info.plist; sourceTree = "<group>"; };
		D452B65F25B849B60025B2A6 /* UIColor+Extensions.swift */ = {isa = PBXFileReference; lastKnownFileType = sourcecode.swift; path = "UIColor+Extensions.swift"; sourceTree = "<group>"; };
		D460300925ABD7780014A8B7 /* GiphyCollectionViewCell.swift */ = {isa = PBXFileReference; lastKnownFileType = sourcecode.swift; path = GiphyCollectionViewCell.swift; sourceTree = "<group>"; };
		D47A7E6525F0E03600B4A796 /* InfoView.xib */ = {isa = PBXFileReference; fileEncoding = 4; lastKnownFileType = file.xib; path = InfoView.xib; sourceTree = "<group>"; };
		D47A7E6625F0E03600B4A796 /* InfoView.swift */ = {isa = PBXFileReference; fileEncoding = 4; lastKnownFileType = sourcecode.swift; path = InfoView.swift; sourceTree = "<group>"; };
		D47FB9B625C4322B00783AE0 /* GiphySearchVM.swift */ = {isa = PBXFileReference; lastKnownFileType = sourcecode.swift; path = GiphySearchVM.swift; sourceTree = "<group>"; };
		D47FB9BA25C4327D00783AE0 /* GiphySearchVC.swift */ = {isa = PBXFileReference; lastKnownFileType = sourcecode.swift; path = GiphySearchVC.swift; sourceTree = "<group>"; };
		D4A8B6C525AC98B8007B5F49 /* GiphyService.swift */ = {isa = PBXFileReference; lastKnownFileType = sourcecode.swift; path = GiphyService.swift; sourceTree = "<group>"; };
		D4A8B6C825AC9E32007B5F49 /* URLSession+Rx.swift */ = {isa = PBXFileReference; fileEncoding = 4; lastKnownFileType = sourcecode.swift; path = "URLSession+Rx.swift"; sourceTree = "<group>"; };
		D4B0AED825BF59090030B6AB /* Waterfall.swift */ = {isa = PBXFileReference; lastKnownFileType = sourcecode.swift; path = Waterfall.swift; sourceTree = "<group>"; };
		D4CB9C1825ED374200D67B6A /* VMWrappers.swift */ = {isa = PBXFileReference; lastKnownFileType = sourcecode.swift; path = VMWrappers.swift; sourceTree = "<group>"; };
		D4D4670625ACF16900BCFE44 /* ReusableViewProtocol.swift */ = {isa = PBXFileReference; fileEncoding = 4; lastKnownFileType = sourcecode.swift; path = ReusableViewProtocol.swift; sourceTree = "<group>"; };
		D4D4670A25ACF16900BCFE44 /* Cache.swift */ = {isa = PBXFileReference; fileEncoding = 4; lastKnownFileType = sourcecode.swift; path = Cache.swift; sourceTree = "<group>"; };
		D4D4671325ACF16900BCFE44 /* CoordinatorProtocol.swift */ = {isa = PBXFileReference; fileEncoding = 4; lastKnownFileType = sourcecode.swift; path = CoordinatorProtocol.swift; sourceTree = "<group>"; };
		D4DAD76625C3097300D22164 /* ChiGiphyTests.xctest */ = {isa = PBXFileReference; explicitFileType = wrapper.cfbundle; includeInIndex = 0; path = ChiGiphyTests.xctest; sourceTree = BUILT_PRODUCTS_DIR; };
		D4DAD76825C3097300D22164 /* ChiGiphyTests.swift */ = {isa = PBXFileReference; lastKnownFileType = sourcecode.swift; path = ChiGiphyTests.swift; sourceTree = "<group>"; };
		D4DAD76A25C3097300D22164 /* Info.plist */ = {isa = PBXFileReference; lastKnownFileType = text.plist.xml; path = Info.plist; sourceTree = "<group>"; };
		D4DBF28825EFB8C500269DEB /* GiphyQueryableFeed.swift */ = {isa = PBXFileReference; fileEncoding = 4; lastKnownFileType = sourcecode.swift; path = GiphyQueryableFeed.swift; sourceTree = "<group>"; };
		D4E055C025ECFC190077550F /* Decodable+Extensions.swift */ = {isa = PBXFileReference; lastKnownFileType = sourcecode.swift; path = "Decodable+Extensions.swift"; sourceTree = "<group>"; };
		D4E055C625ECFD4F0077550F /* GiphySearchResponse.swift */ = {isa = PBXFileReference; lastKnownFileType = sourcecode.swift; path = GiphySearchResponse.swift; sourceTree = "<group>"; };
		D4F215D725CEC29A00D555A6 /* GiphyCellVM.swift */ = {isa = PBXFileReference; lastKnownFileType = sourcecode.swift; path = GiphyCellVM.swift; sourceTree = "<group>"; };
		D4F7546725CEC81A008E3CA7 /* SearchingGiphyCellVM.swift */ = {isa = PBXFileReference; lastKnownFileType = sourcecode.swift; path = SearchingGiphyCellVM.swift; sourceTree = "<group>"; };
		D4F7546B25CEC8CE008E3CA7 /* SearchingGiphyCollectionViewCell.swift */ = {isa = PBXFileReference; lastKnownFileType = sourcecode.swift; path = SearchingGiphyCollectionViewCell.swift; sourceTree = "<group>"; };
		D4F7546F25CECA2A008E3CA7 /* InitialGiphyCellVM.swift */ = {isa = PBXFileReference; lastKnownFileType = sourcecode.swift; path = InitialGiphyCellVM.swift; sourceTree = "<group>"; };
		D4F7547325CECAC0008E3CA7 /* NotFoundGiphyCellVM.swift */ = {isa = PBXFileReference; lastKnownFileType = sourcecode.swift; path = NotFoundGiphyCellVM.swift; sourceTree = "<group>"; };
		D4F7547725CECB64008E3CA7 /* LoadingMoreCellVM.swift */ = {isa = PBXFileReference; lastKnownFileType = sourcecode.swift; path = LoadingMoreCellVM.swift; sourceTree = "<group>"; };
		D4F7547B25CECBEA008E3CA7 /* InitialGiphyCollectionViewCell.swift */ = {isa = PBXFileReference; lastKnownFileType = sourcecode.swift; path = InitialGiphyCollectionViewCell.swift; sourceTree = "<group>"; };
		D4F7547F25CECC64008E3CA7 /* NotFoundGiphyCollectionViewCell.swift */ = {isa = PBXFileReference; lastKnownFileType = sourcecode.swift; path = NotFoundGiphyCollectionViewCell.swift; sourceTree = "<group>"; };
		D4F7548325CECCC7008E3CA7 /* LoadingMoreGiphyCollectionViewCell.swift */ = {isa = PBXFileReference; lastKnownFileType = sourcecode.swift; path = LoadingMoreGiphyCollectionViewCell.swift; sourceTree = "<group>"; };
		F2F934CFFEAA25327D1E12F9 /* Pods_ChiGiphy.framework */ = {isa = PBXFileReference; explicitFileType = wrapper.framework; includeInIndex = 0; path = Pods_ChiGiphy.framework; sourceTree = BUILT_PRODUCTS_DIR; };
		F5FBC1F253BB98649806CAAE /* Pods_ChiGiphyTests.framework */ = {isa = PBXFileReference; explicitFileType = wrapper.framework; includeInIndex = 0; path = Pods_ChiGiphyTests.framework; sourceTree = BUILT_PRODUCTS_DIR; };
/* End PBXFileReference section */

/* Begin PBXFrameworksBuildPhase section */
		D446C46325A8855400098E58 /* Frameworks */ = {
			isa = PBXFrameworksBuildPhase;
			buildActionMask = 2147483647;
			files = (
				F40C7936E1B7CFF2B32CD5F2 /* Pods_ChiGiphy.framework in Frameworks */,
			);
			runOnlyForDeploymentPostprocessing = 0;
		};
		D4DAD76325C3097300D22164 /* Frameworks */ = {
			isa = PBXFrameworksBuildPhase;
			buildActionMask = 2147483647;
			files = (
				4D434B3C42990FBC13179C04 /* Pods_ChiGiphyTests.framework in Frameworks */,
			);
			runOnlyForDeploymentPostprocessing = 0;
		};
/* End PBXFrameworksBuildPhase section */

/* Begin PBXGroup section */
		42DB2FE3E30BACE8D5B5DB86 /* Frameworks */ = {
			isa = PBXGroup;
			children = (
				F2F934CFFEAA25327D1E12F9 /* Pods_ChiGiphy.framework */,
				F5FBC1F253BB98649806CAAE /* Pods_ChiGiphyTests.framework */,
			);
			name = Frameworks;
			sourceTree = "<group>";
		};
		86F8A66AE3BD51107608CDE7 /* Pods */ = {
			isa = PBXGroup;
			children = (
				202BC3481F832B879AE6A244 /* Pods-ChiGiphy.debug.xcconfig */,
				816611EA7061D34F1A3ACEC5 /* Pods-ChiGiphy.release.xcconfig */,
				037A0AC14B2BD7DCAEA0D82F /* Pods-ChiGiphyTests.debug.xcconfig */,
				7B4AC46FB4D1E5D3A2B3362E /* Pods-ChiGiphyTests.release.xcconfig */,
			);
			path = Pods;
			sourceTree = "<group>";
		};
		D4428C7525C0AB5B0073F444 /* Layouts */ = {
			isa = PBXGroup;
			children = (
				D4B0AED825BF59090030B6AB /* Waterfall.swift */,
			);
			path = Layouts;
			sourceTree = "<group>";
		};
		D4428C7625C0AB7F0073F444 /* Extensions */ = {
			isa = PBXGroup;
			children = (
				D452B65F25B849B60025B2A6 /* UIColor+Extensions.swift */,
				D4A8B6C825AC9E32007B5F49 /* URLSession+Rx.swift */,
				D4E055C025ECFC190077550F /* Decodable+Extensions.swift */,
			);
			path = Extensions;
			sourceTree = "<group>";
		};
		D4428C7725C0ABAF0073F444 /* Navigation */ = {
			isa = PBXGroup;
			children = (
				D443203E25ABC7CB000DA72F /* MainCoordinator.swift */,
			);
			path = Navigation;
			sourceTree = "<group>";
		};
		D4428C7925C0AC4D0073F444 /* Scenes */ = {
			isa = PBXGroup;
			children = (
				D4428C7A25C0AC830073F444 /* GiphySearch */,
			);
			path = Scenes;
			sourceTree = "<group>";
		};
		D4428C7A25C0AC830073F444 /* GiphySearch */ = {
			isa = PBXGroup;
			children = (
				D47FB9B625C4322B00783AE0 /* GiphySearchVM.swift */,
				D47FB9BA25C4327D00783AE0 /* GiphySearchVC.swift */,
				D4462FAC25C0D74D00E6DCA4 /* Support */,
			);
			path = GiphySearch;
			sourceTree = "<group>";
		};
		D4428C7B25C0AD020073F444 /* Services */ = {
			isa = PBXGroup;
			children = (
				D4E055C425ECFD290077550F /* Giphy */,
			);
			path = Services;
			sourceTree = "<group>";
		};
		D4428C7C25C0AD1C0073F444 /* Models */ = {
			isa = PBXGroup;
			children = (
				D443204425ABCED5000DA72F /* GiphyItem.swift */,
			);
			path = Models;
			sourceTree = "<group>";
		};
		D4462FAC25C0D74D00E6DCA4 /* Support */ = {
			isa = PBXGroup;
			children = (
				D4F215D525CEC0A900D555A6 /* Cells */,
				D4DBF28825EFB8C500269DEB /* GiphyQueryableFeed.swift */,
			);
			path = Support;
			sourceTree = "<group>";
		};
		D446C45D25A8855400098E58 = {
			isa = PBXGroup;
			children = (
				D446C46825A8855400098E58 /* ChiGiphy */,
				D4DAD76725C3097300D22164 /* ChiGiphyTests */,
				D446C46725A8855400098E58 /* Products */,
				86F8A66AE3BD51107608CDE7 /* Pods */,
				42DB2FE3E30BACE8D5B5DB86 /* Frameworks */,
			);
			sourceTree = "<group>";
		};
		D446C46725A8855400098E58 /* Products */ = {
			isa = PBXGroup;
			children = (
				D446C46625A8855400098E58 /* ChiGiphy.app */,
				D4DAD76625C3097300D22164 /* ChiGiphyTests.xctest */,
			);
			name = Products;
			sourceTree = "<group>";
		};
		D446C46825A8855400098E58 /* ChiGiphy */ = {
			isa = PBXGroup;
			children = (
				D446C46925A8855400098E58 /* AppDelegate.swift */,
				D446C46B25A8855400098E58 /* SceneDelegate.swift */,
				D446C47225A8855500098E58 /* Assets.xcassets */,
				D446C47425A8855500098E58 /* LaunchScreen.storyboard */,
				D446C47725A8855500098E58 /* Info.plist */,
				D4428C7C25C0AD1C0073F444 /* Models */,
				D4428C7B25C0AD020073F444 /* Services */,
				D4428C7925C0AC4D0073F444 /* Scenes */,
				D4428C7725C0ABAF0073F444 /* Navigation */,
				D4D4670425ACF16900BCFE44 /* Helpers */,
			);
			path = ChiGiphy;
			sourceTree = "<group>";
		};
		D47A7E6325F0E01500B4A796 /* UI */ = {
			isa = PBXGroup;
			children = (
				D47A7E6425F0E02500B4A796 /* Views */,
				D4428C7525C0AB5B0073F444 /* Layouts */,
			);
			path = UI;
			sourceTree = "<group>";
		};
		D47A7E6425F0E02500B4A796 /* Views */ = {
			isa = PBXGroup;
			children = (
				D47A7E6625F0E03600B4A796 /* InfoView.swift */,
				D47A7E6525F0E03600B4A796 /* InfoView.xib */,
			);
			path = Views;
			sourceTree = "<group>";
		};
		D4D4670425ACF16900BCFE44 /* Helpers */ = {
			isa = PBXGroup;
			children = (
				D47A7E6325F0E01500B4A796 /* UI */,
				D43FCD0C25F0F4760087815E /* GenericQueryableFeed.swift */,
				D4428C7625C0AB7F0073F444 /* Extensions */,
				D4D4670725ACF16900BCFE44 /* Storage */,
				D4D4671325ACF16900BCFE44 /* CoordinatorProtocol.swift */,
				D4D4670625ACF16900BCFE44 /* ReusableViewProtocol.swift */,
				D4CB9C1825ED374200D67B6A /* VMWrappers.swift */,
				D43BA73E25F19713006CDF68 /* ReachabilityManager.swift */,
			);
			path = Helpers;
			sourceTree = "<group>";
		};
		D4D4670725ACF16900BCFE44 /* Storage */ = {
			isa = PBXGroup;
			children = (
				D4D4670825ACF16900BCFE44 /* Cache */,
			);
			path = Storage;
			sourceTree = "<group>";
		};
		D4D4670825ACF16900BCFE44 /* Cache */ = {
			isa = PBXGroup;
			children = (
				D4D4670A25ACF16900BCFE44 /* Cache.swift */,
			);
			path = Cache;
			sourceTree = "<group>";
		};
		D4DAD76725C3097300D22164 /* ChiGiphyTests */ = {
			isa = PBXGroup;
			children = (
				D4DAD76825C3097300D22164 /* ChiGiphyTests.swift */,
				D4DAD76A25C3097300D22164 /* Info.plist */,
				D437337F25C3A7BE0077D719 /* Scrabble.swift */,
			);
			path = ChiGiphyTests;
			sourceTree = "<group>";
		};
		D4E055C425ECFD290077550F /* Giphy */ = {
			isa = PBXGroup;
			children = (
				D4A8B6C525AC98B8007B5F49 /* GiphyService.swift */,
				D4E055C525ECFD450077550F /* Responses */,
			);
			path = Giphy;
			sourceTree = "<group>";
		};
		D4E055C525ECFD450077550F /* Responses */ = {
			isa = PBXGroup;
			children = (
				D4E055C625ECFD4F0077550F /* GiphySearchResponse.swift */,
			);
			path = Responses;
			sourceTree = "<group>";
		};
		D4F215D525CEC0A900D555A6 /* Cells */ = {
			isa = PBXGroup;
			children = (
				D460300925ABD7780014A8B7 /* GiphyCollectionViewCell.swift */,
				D4F215D725CEC29A00D555A6 /* GiphyCellVM.swift */,
				D4F7546B25CEC8CE008E3CA7 /* SearchingGiphyCollectionViewCell.swift */,
				D4F7546725CEC81A008E3CA7 /* SearchingGiphyCellVM.swift */,
				D4F7547B25CECBEA008E3CA7 /* InitialGiphyCollectionViewCell.swift */,
				D4F7546F25CECA2A008E3CA7 /* InitialGiphyCellVM.swift */,
				D4F7547F25CECC64008E3CA7 /* NotFoundGiphyCollectionViewCell.swift */,
				D4F7547325CECAC0008E3CA7 /* NotFoundGiphyCellVM.swift */,
				D4F7548325CECCC7008E3CA7 /* LoadingMoreGiphyCollectionViewCell.swift */,
				D4F7547725CECB64008E3CA7 /* LoadingMoreCellVM.swift */,
			);
			path = Cells;
			sourceTree = "<group>";
		};
/* End PBXGroup section */

/* Begin PBXNativeTarget section */
		D446C46525A8855400098E58 /* ChiGiphy */ = {
			isa = PBXNativeTarget;
			buildConfigurationList = D446C47A25A8855500098E58 /* Build configuration list for PBXNativeTarget "ChiGiphy" */;
			buildPhases = (
				771C1FC7E082F764D861CF03 /* [CP] Check Pods Manifest.lock */,
				D446C46225A8855400098E58 /* Sources */,
				D446C46325A8855400098E58 /* Frameworks */,
				D446C46425A8855400098E58 /* Resources */,
				AF46BB84C63650F33E7EA764 /* [CP] Embed Pods Frameworks */,
			);
			buildRules = (
			);
			dependencies = (
			);
			name = ChiGiphy;
			productName = ChiGiphy;
			productReference = D446C46625A8855400098E58 /* ChiGiphy.app */;
			productType = "com.apple.product-type.application";
		};
		D4DAD76525C3097300D22164 /* ChiGiphyTests */ = {
			isa = PBXNativeTarget;
			buildConfigurationList = D4DAD76F25C3097300D22164 /* Build configuration list for PBXNativeTarget "ChiGiphyTests" */;
			buildPhases = (
				312D015304378AA77A2C276A /* [CP] Check Pods Manifest.lock */,
				D4DAD76225C3097300D22164 /* Sources */,
				D4DAD76325C3097300D22164 /* Frameworks */,
				D4DAD76425C3097300D22164 /* Resources */,
				921939E1143D1043BC99A71B /* [CP] Embed Pods Frameworks */,
			);
			buildRules = (
			);
			dependencies = (
				D4DAD76C25C3097300D22164 /* PBXTargetDependency */,
			);
			name = ChiGiphyTests;
			productName = ChiGiphyTests;
			productReference = D4DAD76625C3097300D22164 /* ChiGiphyTests.xctest */;
			productType = "com.apple.product-type.bundle.unit-test";
		};
/* End PBXNativeTarget section */

/* Begin PBXProject section */
		D446C45E25A8855400098E58 /* Project object */ = {
			isa = PBXProject;
			attributes = {
				LastSwiftUpdateCheck = 1200;
				LastUpgradeCheck = 1200;
				TargetAttributes = {
					D446C46525A8855400098E58 = {
						CreatedOnToolsVersion = 12.0.1;
						LastSwiftMigration = 1200;
					};
					D4DAD76525C3097300D22164 = {
						CreatedOnToolsVersion = 12.0.1;
						TestTargetID = D446C46525A8855400098E58;
					};
				};
			};
			buildConfigurationList = D446C46125A8855400098E58 /* Build configuration list for PBXProject "ChiGiphy" */;
			compatibilityVersion = "Xcode 9.3";
			developmentRegion = en;
			hasScannedForEncodings = 0;
			knownRegions = (
				en,
				Base,
			);
			mainGroup = D446C45D25A8855400098E58;
			productRefGroup = D446C46725A8855400098E58 /* Products */;
			projectDirPath = "";
			projectRoot = "";
			targets = (
				D446C46525A8855400098E58 /* ChiGiphy */,
				D4DAD76525C3097300D22164 /* ChiGiphyTests */,
			);
		};
/* End PBXProject section */

/* Begin PBXResourcesBuildPhase section */
		D446C46425A8855400098E58 /* Resources */ = {
			isa = PBXResourcesBuildPhase;
			buildActionMask = 2147483647;
			files = (
				D47A7E6725F0E03600B4A796 /* InfoView.xib in Resources */,
				D446C47625A8855500098E58 /* LaunchScreen.storyboard in Resources */,
				D446C47325A8855500098E58 /* Assets.xcassets in Resources */,
			);
			runOnlyForDeploymentPostprocessing = 0;
		};
		D4DAD76425C3097300D22164 /* Resources */ = {
			isa = PBXResourcesBuildPhase;
			buildActionMask = 2147483647;
			files = (
			);
			runOnlyForDeploymentPostprocessing = 0;
		};
/* End PBXResourcesBuildPhase section */

/* Begin PBXShellScriptBuildPhase section */
		312D015304378AA77A2C276A /* [CP] Check Pods Manifest.lock */ = {
			isa = PBXShellScriptBuildPhase;
			buildActionMask = 2147483647;
			files = (
			);
			inputFileListPaths = (
			);
			inputPaths = (
				"${PODS_PODFILE_DIR_PATH}/Podfile.lock",
				"${PODS_ROOT}/Manifest.lock",
			);
			name = "[CP] Check Pods Manifest.lock";
			outputFileListPaths = (
			);
			outputPaths = (
				"$(DERIVED_FILE_DIR)/Pods-ChiGiphyTests-checkManifestLockResult.txt",
			);
			runOnlyForDeploymentPostprocessing = 0;
			shellPath = /bin/sh;
			shellScript = "diff \"${PODS_PODFILE_DIR_PATH}/Podfile.lock\" \"${PODS_ROOT}/Manifest.lock\" > /dev/null\nif [ $? != 0 ] ; then\n    # print error to STDERR\n    echo \"error: The sandbox is not in sync with the Podfile.lock. Run 'pod install' or update your CocoaPods installation.\" >&2\n    exit 1\nfi\n# This output is used by Xcode 'outputs' to avoid re-running this script phase.\necho \"SUCCESS\" > \"${SCRIPT_OUTPUT_FILE_0}\"\n";
			showEnvVarsInLog = 0;
		};
		771C1FC7E082F764D861CF03 /* [CP] Check Pods Manifest.lock */ = {
			isa = PBXShellScriptBuildPhase;
			buildActionMask = 2147483647;
			files = (
			);
			inputFileListPaths = (
			);
			inputPaths = (
				"${PODS_PODFILE_DIR_PATH}/Podfile.lock",
				"${PODS_ROOT}/Manifest.lock",
			);
			name = "[CP] Check Pods Manifest.lock";
			outputFileListPaths = (
			);
			outputPaths = (
				"$(DERIVED_FILE_DIR)/Pods-ChiGiphy-checkManifestLockResult.txt",
			);
			runOnlyForDeploymentPostprocessing = 0;
			shellPath = /bin/sh;
			shellScript = "diff \"${PODS_PODFILE_DIR_PATH}/Podfile.lock\" \"${PODS_ROOT}/Manifest.lock\" > /dev/null\nif [ $? != 0 ] ; then\n    # print error to STDERR\n    echo \"error: The sandbox is not in sync with the Podfile.lock. Run 'pod install' or update your CocoaPods installation.\" >&2\n    exit 1\nfi\n# This output is used by Xcode 'outputs' to avoid re-running this script phase.\necho \"SUCCESS\" > \"${SCRIPT_OUTPUT_FILE_0}\"\n";
			showEnvVarsInLog = 0;
		};
		921939E1143D1043BC99A71B /* [CP] Embed Pods Frameworks */ = {
			isa = PBXShellScriptBuildPhase;
			buildActionMask = 2147483647;
			files = (
			);
			inputFileListPaths = (
				"${PODS_ROOT}/Target Support Files/Pods-ChiGiphyTests/Pods-ChiGiphyTests-frameworks-${CONFIGURATION}-input-files.xcfilelist",
			);
			name = "[CP] Embed Pods Frameworks";
			outputFileListPaths = (
				"${PODS_ROOT}/Target Support Files/Pods-ChiGiphyTests/Pods-ChiGiphyTests-frameworks-${CONFIGURATION}-output-files.xcfilelist",
			);
			runOnlyForDeploymentPostprocessing = 0;
			shellPath = /bin/sh;
			shellScript = "\"${PODS_ROOT}/Target Support Files/Pods-ChiGiphyTests/Pods-ChiGiphyTests-frameworks.sh\"\n";
			showEnvVarsInLog = 0;
		};
		AF46BB84C63650F33E7EA764 /* [CP] Embed Pods Frameworks */ = {
			isa = PBXShellScriptBuildPhase;
			buildActionMask = 2147483647;
			files = (
			);
			inputFileListPaths = (
				"${PODS_ROOT}/Target Support Files/Pods-ChiGiphy/Pods-ChiGiphy-frameworks-${CONFIGURATION}-input-files.xcfilelist",
			);
			name = "[CP] Embed Pods Frameworks";
			outputFileListPaths = (
				"${PODS_ROOT}/Target Support Files/Pods-ChiGiphy/Pods-ChiGiphy-frameworks-${CONFIGURATION}-output-files.xcfilelist",
			);
			runOnlyForDeploymentPostprocessing = 0;
			shellPath = /bin/sh;
			shellScript = "\"${PODS_ROOT}/Target Support Files/Pods-ChiGiphy/Pods-ChiGiphy-frameworks.sh\"\n";
			showEnvVarsInLog = 0;
		};
/* End PBXShellScriptBuildPhase section */

/* Begin PBXSourcesBuildPhase section */
		D446C46225A8855400098E58 /* Sources */ = {
			isa = PBXSourcesBuildPhase;
			buildActionMask = 2147483647;
			files = (
				D4CB9C1925ED374200D67B6A /* VMWrappers.swift in Sources */,
				D4F7548425CECCC7008E3CA7 /* LoadingMoreGiphyCollectionViewCell.swift in Sources */,
				D4F7547025CECA2A008E3CA7 /* InitialGiphyCellVM.swift in Sources */,
				D4E055C725ECFD4F0077550F /* GiphySearchResponse.swift in Sources */,
				D43BA73F25F19713006CDF68 /* ReachabilityManager.swift in Sources */,
				D4A8B6C925AC9E32007B5F49 /* URLSession+Rx.swift in Sources */,
				D4F7548025CECC64008E3CA7 /* NotFoundGiphyCollectionViewCell.swift in Sources */,
				D443204525ABCED5000DA72F /* GiphyItem.swift in Sources */,
				D4D4671E25ACF16A00BCFE44 /* CoordinatorProtocol.swift in Sources */,
				D4B0AED925BF59090030B6AB /* Waterfall.swift in Sources */,
				D4DBF28925EFB8C500269DEB /* GiphyQueryableFeed.swift in Sources */,
				D452B66025B849B60025B2A6 /* UIColor+Extensions.swift in Sources */,
				D4F7547425CECAC0008E3CA7 /* NotFoundGiphyCellVM.swift in Sources */,
				D4E055C125ECFC190077550F /* Decodable+Extensions.swift in Sources */,
				D460300A25ABD7780014A8B7 /* GiphyCollectionViewCell.swift in Sources */,
				D47A7E6825F0E03600B4A796 /* InfoView.swift in Sources */,
				D446C46A25A8855400098E58 /* AppDelegate.swift in Sources */,
				D4D4671725ACF16A00BCFE44 /* Cache.swift in Sources */,
				D443203F25ABC7CB000DA72F /* MainCoordinator.swift in Sources */,
				D446C46C25A8855400098E58 /* SceneDelegate.swift in Sources */,
				D4F215D825CEC29A00D555A6 /* GiphyCellVM.swift in Sources */,
				D4D4671525ACF16A00BCFE44 /* ReusableViewProtocol.swift in Sources */,
				D4F7547C25CECBEA008E3CA7 /* InitialGiphyCollectionViewCell.swift in Sources */,
				D4F7546825CEC81A008E3CA7 /* SearchingGiphyCellVM.swift in Sources */,
				D43FCD0D25F0F4760087815E /* GenericQueryableFeed.swift in Sources */,
				D47FB9BB25C4327D00783AE0 /* GiphySearchVC.swift in Sources */,
				D4F7546C25CEC8CE008E3CA7 /* SearchingGiphyCollectionViewCell.swift in Sources */,
				D47FB9B725C4322B00783AE0 /* GiphySearchVM.swift in Sources */,
				D4A8B6C625AC98B8007B5F49 /* GiphyService.swift in Sources */,
				D4F7547825CECB64008E3CA7 /* LoadingMoreCellVM.swift in Sources */,
			);
			runOnlyForDeploymentPostprocessing = 0;
		};
		D4DAD76225C3097300D22164 /* Sources */ = {
			isa = PBXSourcesBuildPhase;
			buildActionMask = 2147483647;
			files = (
				D4DAD76925C3097300D22164 /* ChiGiphyTests.swift in Sources */,
				D437338025C3A7BE0077D719 /* Scrabble.swift in Sources */,
			);
			runOnlyForDeploymentPostprocessing = 0;
		};
/* End PBXSourcesBuildPhase section */

/* Begin PBXTargetDependency section */
		D4DAD76C25C3097300D22164 /* PBXTargetDependency */ = {
			isa = PBXTargetDependency;
			target = D446C46525A8855400098E58 /* ChiGiphy */;
			targetProxy = D4DAD76B25C3097300D22164 /* PBXContainerItemProxy */;
		};
/* End PBXTargetDependency section */

/* Begin PBXVariantGroup section */
		D446C47425A8855500098E58 /* LaunchScreen.storyboard */ = {
			isa = PBXVariantGroup;
			children = (
				D446C47525A8855500098E58 /* Base */,
			);
			name = LaunchScreen.storyboard;
			sourceTree = "<group>";
		};
/* End PBXVariantGroup section */

/* Begin XCBuildConfiguration section */
		D446C47825A8855500098E58 /* Debug */ = {
			isa = XCBuildConfiguration;
			buildSettings = {
				ALWAYS_SEARCH_USER_PATHS = NO;
				CLANG_ANALYZER_NONNULL = YES;
				CLANG_ANALYZER_NUMBER_OBJECT_CONVERSION = YES_AGGRESSIVE;
				CLANG_CXX_LANGUAGE_STANDARD = "gnu++14";
				CLANG_CXX_LIBRARY = "libc++";
				CLANG_ENABLE_MODULES = YES;
				CLANG_ENABLE_OBJC_ARC = YES;
				CLANG_ENABLE_OBJC_WEAK = YES;
				CLANG_WARN_BLOCK_CAPTURE_AUTORELEASING = YES;
				CLANG_WARN_BOOL_CONVERSION = YES;
				CLANG_WARN_COMMA = YES;
				CLANG_WARN_CONSTANT_CONVERSION = YES;
				CLANG_WARN_DEPRECATED_OBJC_IMPLEMENTATIONS = YES;
				CLANG_WARN_DIRECT_OBJC_ISA_USAGE = YES_ERROR;
				CLANG_WARN_DOCUMENTATION_COMMENTS = YES;
				CLANG_WARN_EMPTY_BODY = YES;
				CLANG_WARN_ENUM_CONVERSION = YES;
				CLANG_WARN_INFINITE_RECURSION = YES;
				CLANG_WARN_INT_CONVERSION = YES;
				CLANG_WARN_NON_LITERAL_NULL_CONVERSION = YES;
				CLANG_WARN_OBJC_IMPLICIT_RETAIN_SELF = YES;
				CLANG_WARN_OBJC_LITERAL_CONVERSION = YES;
				CLANG_WARN_OBJC_ROOT_CLASS = YES_ERROR;
				CLANG_WARN_QUOTED_INCLUDE_IN_FRAMEWORK_HEADER = YES;
				CLANG_WARN_RANGE_LOOP_ANALYSIS = YES;
				CLANG_WARN_STRICT_PROTOTYPES = YES;
				CLANG_WARN_SUSPICIOUS_MOVE = YES;
				CLANG_WARN_UNGUARDED_AVAILABILITY = YES_AGGRESSIVE;
				CLANG_WARN_UNREACHABLE_CODE = YES;
				CLANG_WARN__DUPLICATE_METHOD_MATCH = YES;
				COPY_PHASE_STRIP = NO;
				DEBUG_INFORMATION_FORMAT = dwarf;
				ENABLE_STRICT_OBJC_MSGSEND = YES;
				ENABLE_TESTABILITY = YES;
				GCC_C_LANGUAGE_STANDARD = gnu11;
				GCC_DYNAMIC_NO_PIC = NO;
				GCC_NO_COMMON_BLOCKS = YES;
				GCC_OPTIMIZATION_LEVEL = 0;
				GCC_PREPROCESSOR_DEFINITIONS = (
					"DEBUG=1",
					"$(inherited)",
				);
				GCC_WARN_64_TO_32_BIT_CONVERSION = YES;
				GCC_WARN_ABOUT_RETURN_TYPE = YES_ERROR;
				GCC_WARN_UNDECLARED_SELECTOR = YES;
				GCC_WARN_UNINITIALIZED_AUTOS = YES_AGGRESSIVE;
				GCC_WARN_UNUSED_FUNCTION = YES;
				GCC_WARN_UNUSED_VARIABLE = YES;
				IPHONEOS_DEPLOYMENT_TARGET = 14.0;
				MTL_ENABLE_DEBUG_INFO = INCLUDE_SOURCE;
				MTL_FAST_MATH = YES;
				ONLY_ACTIVE_ARCH = YES;
				SDKROOT = iphoneos;
				SWIFT_ACTIVE_COMPILATION_CONDITIONS = DEBUG;
				SWIFT_OPTIMIZATION_LEVEL = "-Onone";
			};
			name = Debug;
		};
		D446C47925A8855500098E58 /* Release */ = {
			isa = XCBuildConfiguration;
			buildSettings = {
				ALWAYS_SEARCH_USER_PATHS = NO;
				CLANG_ANALYZER_NONNULL = YES;
				CLANG_ANALYZER_NUMBER_OBJECT_CONVERSION = YES_AGGRESSIVE;
				CLANG_CXX_LANGUAGE_STANDARD = "gnu++14";
				CLANG_CXX_LIBRARY = "libc++";
				CLANG_ENABLE_MODULES = YES;
				CLANG_ENABLE_OBJC_ARC = YES;
				CLANG_ENABLE_OBJC_WEAK = YES;
				CLANG_WARN_BLOCK_CAPTURE_AUTORELEASING = YES;
				CLANG_WARN_BOOL_CONVERSION = YES;
				CLANG_WARN_COMMA = YES;
				CLANG_WARN_CONSTANT_CONVERSION = YES;
				CLANG_WARN_DEPRECATED_OBJC_IMPLEMENTATIONS = YES;
				CLANG_WARN_DIRECT_OBJC_ISA_USAGE = YES_ERROR;
				CLANG_WARN_DOCUMENTATION_COMMENTS = YES;
				CLANG_WARN_EMPTY_BODY = YES;
				CLANG_WARN_ENUM_CONVERSION = YES;
				CLANG_WARN_INFINITE_RECURSION = YES;
				CLANG_WARN_INT_CONVERSION = YES;
				CLANG_WARN_NON_LITERAL_NULL_CONVERSION = YES;
				CLANG_WARN_OBJC_IMPLICIT_RETAIN_SELF = YES;
				CLANG_WARN_OBJC_LITERAL_CONVERSION = YES;
				CLANG_WARN_OBJC_ROOT_CLASS = YES_ERROR;
				CLANG_WARN_QUOTED_INCLUDE_IN_FRAMEWORK_HEADER = YES;
				CLANG_WARN_RANGE_LOOP_ANALYSIS = YES;
				CLANG_WARN_STRICT_PROTOTYPES = YES;
				CLANG_WARN_SUSPICIOUS_MOVE = YES;
				CLANG_WARN_UNGUARDED_AVAILABILITY = YES_AGGRESSIVE;
				CLANG_WARN_UNREACHABLE_CODE = YES;
				CLANG_WARN__DUPLICATE_METHOD_MATCH = YES;
				COPY_PHASE_STRIP = NO;
				DEBUG_INFORMATION_FORMAT = "dwarf-with-dsym";
				ENABLE_NS_ASSERTIONS = NO;
				ENABLE_STRICT_OBJC_MSGSEND = YES;
				GCC_C_LANGUAGE_STANDARD = gnu11;
				GCC_NO_COMMON_BLOCKS = YES;
				GCC_WARN_64_TO_32_BIT_CONVERSION = YES;
				GCC_WARN_ABOUT_RETURN_TYPE = YES_ERROR;
				GCC_WARN_UNDECLARED_SELECTOR = YES;
				GCC_WARN_UNINITIALIZED_AUTOS = YES_AGGRESSIVE;
				GCC_WARN_UNUSED_FUNCTION = YES;
				GCC_WARN_UNUSED_VARIABLE = YES;
				IPHONEOS_DEPLOYMENT_TARGET = 14.0;
				MTL_ENABLE_DEBUG_INFO = NO;
				MTL_FAST_MATH = YES;
				SDKROOT = iphoneos;
				SWIFT_COMPILATION_MODE = wholemodule;
				SWIFT_OPTIMIZATION_LEVEL = "-O";
				VALIDATE_PRODUCT = YES;
			};
			name = Release;
		};
		D446C47B25A8855500098E58 /* Debug */ = {
			isa = XCBuildConfiguration;
			baseConfigurationReference = 202BC3481F832B879AE6A244 /* Pods-ChiGiphy.debug.xcconfig */;
			buildSettings = {
				ASSETCATALOG_COMPILER_APPICON_NAME = AppIcon;
				ASSETCATALOG_COMPILER_GLOBAL_ACCENT_COLOR_NAME = AccentColor;
				CODE_SIGN_STYLE = Automatic;
				DEVELOPMENT_TEAM = PA272Y5JK8;
				INFOPLIST_FILE = ChiGiphy/Info.plist;
				LD_RUNPATH_SEARCH_PATHS = (
					"$(inherited)",
					"@executable_path/Frameworks",
				);
				PRODUCT_BUNDLE_IDENTIFIER = com.hardijs.ChiGiphy;
				PRODUCT_NAME = "$(TARGET_NAME)";
				SWIFT_VERSION = 4.0;
				TARGETED_DEVICE_FAMILY = "1,2";
			};
			name = Debug;
		};
		D446C47C25A8855500098E58 /* Release */ = {
			isa = XCBuildConfiguration;
			baseConfigurationReference = 816611EA7061D34F1A3ACEC5 /* Pods-ChiGiphy.release.xcconfig */;
			buildSettings = {
				ASSETCATALOG_COMPILER_APPICON_NAME = AppIcon;
				ASSETCATALOG_COMPILER_GLOBAL_ACCENT_COLOR_NAME = AccentColor;
				CODE_SIGN_STYLE = Automatic;
				DEVELOPMENT_TEAM = PA272Y5JK8;
				INFOPLIST_FILE = ChiGiphy/Info.plist;
				LD_RUNPATH_SEARCH_PATHS = (
					"$(inherited)",
					"@executable_path/Frameworks",
				);
				PRODUCT_BUNDLE_IDENTIFIER = com.hardijs.ChiGiphy;
				PRODUCT_NAME = "$(TARGET_NAME)";
				SWIFT_VERSION = 4.0;
				TARGETED_DEVICE_FAMILY = "1,2";
			};
			name = Release;
		};
		D4DAD76D25C3097300D22164 /* Debug */ = {
			isa = XCBuildConfiguration;
			baseConfigurationReference = 037A0AC14B2BD7DCAEA0D82F /* Pods-ChiGiphyTests.debug.xcconfig */;
			buildSettings = {
				BUNDLE_LOADER = "$(TEST_HOST)";
				CODE_SIGN_STYLE = Automatic;
				DEVELOPMENT_TEAM = PA272Y5JK8;
				INFOPLIST_FILE = ChiGiphyTests/Info.plist;
				LD_RUNPATH_SEARCH_PATHS = (
					"$(inherited)",
					"@executable_path/Frameworks",
					"@loader_path/Frameworks",
				);
				PRODUCT_BUNDLE_IDENTIFIER = com.hardijs.ChiGiphyTests;
				PRODUCT_NAME = "$(TARGET_NAME)";
				SWIFT_VERSION = 4.0;
				TARGETED_DEVICE_FAMILY = "1,2";
				TEST_HOST = "$(BUILT_PRODUCTS_DIR)/ChiGiphy.app/ChiGiphy";
			};
			name = Debug;
		};
		D4DAD76E25C3097300D22164 /* Release */ = {
			isa = XCBuildConfiguration;
			baseConfigurationReference = 7B4AC46FB4D1E5D3A2B3362E /* Pods-ChiGiphyTests.release.xcconfig */;
			buildSettings = {
				BUNDLE_LOADER = "$(TEST_HOST)";
				CODE_SIGN_STYLE = Automatic;
				DEVELOPMENT_TEAM = PA272Y5JK8;
				INFOPLIST_FILE = ChiGiphyTests/Info.plist;
				LD_RUNPATH_SEARCH_PATHS = (
					"$(inherited)",
					"@executable_path/Frameworks",
					"@loader_path/Frameworks",
				);
				PRODUCT_BUNDLE_IDENTIFIER = com.hardijs.ChiGiphyTests;
				PRODUCT_NAME = "$(TARGET_NAME)";
				SWIFT_VERSION = 4.0;
				TARGETED_DEVICE_FAMILY = "1,2";
				TEST_HOST = "$(BUILT_PRODUCTS_DIR)/ChiGiphy.app/ChiGiphy";
			};
			name = Release;
		};
/* End XCBuildConfiguration section */

/* Begin XCConfigurationList section */
		D446C46125A8855400098E58 /* Build configuration list for PBXProject "ChiGiphy" */ = {
			isa = XCConfigurationList;
			buildConfigurations = (
				D446C47825A8855500098E58 /* Debug */,
				D446C47925A8855500098E58 /* Release */,
			);
			defaultConfigurationIsVisible = 0;
			defaultConfigurationName = Release;
		};
		D446C47A25A8855500098E58 /* Build configuration list for PBXNativeTarget "ChiGiphy" */ = {
			isa = XCConfigurationList;
			buildConfigurations = (
				D446C47B25A8855500098E58 /* Debug */,
				D446C47C25A8855500098E58 /* Release */,
			);
			defaultConfigurationIsVisible = 0;
			defaultConfigurationName = Release;
		};
		D4DAD76F25C3097300D22164 /* Build configuration list for PBXNativeTarget "ChiGiphyTests" */ = {
			isa = XCConfigurationList;
			buildConfigurations = (
				D4DAD76D25C3097300D22164 /* Debug */,
				D4DAD76E25C3097300D22164 /* Release */,
			);
			defaultConfigurationIsVisible = 0;
			defaultConfigurationName = Release;
		};
/* End XCConfigurationList section */
	};
	rootObject = D446C45E25A8855400098E58 /* Project object */;
}
